
Microsoft Visual Studio Solution File, Format Version 12.00
# Visual Studio Version 16
VisualStudioVersion = 16.0.31702.278
MinimumVisualStudioVersion = 10.0.40219.1
Project("{FAE04EC0-301F-11D3-BF4B-00C04F79EFBC}") = "CheckFileHistory", "CheckFileHistory.csproj", "{F321CB35-D9D6-41C8-B0A8-B726BCBF210B}"
EndProject
Global
	GlobalSection(SolutionConfigurationPlatforms) = preSolution
		Debug|Any CPU = Debug|Any CPU
		Release|Any CPU = Release|Any CPU
	EndGlobalSection
	GlobalSection(ProjectConfigurationPlatforms) = postSolution
		{F321CB35-D9D6-41C8-B0A8-B726BCBF210B}.Debug|Any CPU.ActiveCfg = Debug|Any CPU
		{F321CB35-D9D6-41C8-B0A8-B726BCBF210B}.Debug|Any CPU.Build.0 = Debug|Any CPU
		{F321CB35-D9D6-41C8-B0A8-B726BCBF210B}.Release|Any CPU.ActiveCfg = Release|Any CPU
		{F321CB35-D9D6-41C8-B0A8-B726BCBF210B}.Release|Any CPU.Build.0 = Release|Any CPU
	EndGlobalSection
	GlobalSection(SolutionProperties) = preSolution
		HideSolutionNode = FALSE
	EndGlobalSection
	GlobalSection(ExtensibilityGlobals) = postSolution
		SolutionGuid = {424614CB-FF21-491A-9C8F-13C9D49C0B40}
	EndGlobalSection
EndGlobal
